
Microsoft Visual Studio Solution File, Format Version 12.00
# Visual Studio 2012
Project("{FAE04EC0-301F-11D3-BF4B-00C04F79EFBC}") = "ARideShare", "ARideShare\ARideShare.csproj", "{277B6A5F-1600-493D-9690-D8B6C991F6BE}"
EndProject
Global
	GlobalSection(SolutionConfigurationPlatforms) = preSolution
		Debug|Any CPU = Debug|Any CPU
		Release|Any CPU = Release|Any CPU
	EndGlobalSection
	GlobalSection(ProjectConfigurationPlatforms) = postSolution
		{277B6A5F-1600-493D-9690-D8B6C991F6BE}.Debug|Any CPU.ActiveCfg = Debug|Any CPU
		{277B6A5F-1600-493D-9690-D8B6C991F6BE}.Debug|Any CPU.Build.0 = Debug|Any CPU
		{277B6A5F-1600-493D-9690-D8B6C991F6BE}.Release|Any CPU.ActiveCfg = Release|Any CPU
		{277B6A5F-1600-493D-9690-D8B6C991F6BE}.Release|Any CPU.Build.0 = Release|Any CPU
	EndGlobalSection
	GlobalSection(SolutionProperties) = preSolution
		HideSolutionNode = FALSE
	EndGlobalSection
EndGlobal
